{
  "name": "todo-list",
  "version": "1.0.0",
  "lockfileVersion": 2,
  "requires": true,
  "packages": {
    "": {
      "name": "todo-list",
      "version": "1.0.0",
      "license": "ISC",
      "dependencies": {
        "dom-utils": "github:gitdingus/dom-utils"
      }
    },
    "node_modules/dom-utils": {
      "version": "1.0.0",
      "resolved": "git+ssh://git@github.com/gitdingus/dom-utils.git#096573e8c7fdc09888d8eb6b286b7783e2d1f058",
      "license": "ISC"
    }
  },
  "dependencies": {
    "dom-utils": {
      "version": "git+ssh://git@github.com/gitdingus/dom-utils.git#096573e8c7fdc09888d8eb6b286b7783e2d1f058",
      "from": "dom-utils@git+ssh://git@github.com:gitdingus/dom-utils.git"
    }
  }
}
